// !$*UTF8*$!
{
	archiveVersion = 1;
	classes = {
	};
	objectVersion = 46;
	objects = {

/* Begin PBXBuildFile section */
		D6DFFFC31E520EE4002B6C76 /* main.c in Sources */ = {isa = PBXBuildFile; fileRef = D6DFFFC21E520EE4002B6C76 /* main.c */; };
		D6DFFFCE1E5216BD002B6C76 /* tableaux.c in Sources */ = {isa = PBXBuildFile; fileRef = D6DFFFCC1E5216BD002B6C76 /* tableaux.c */; };
/* End PBXBuildFile section */

/* Begin PBXCopyFilesBuildPhase section */
		D6DFFFBD1E520EE4002B6C76 /* CopyFiles */ = {
			isa = PBXCopyFilesBuildPhase;
			buildActionMask = 2147483647;
			dstPath = /usr/share/man/man1/;
			dstSubfolderSpec = 0;
			files = (
			);
			runOnlyForDeploymentPostprocessing = 1;
		};
/* End PBXCopyFilesBuildPhase section */

/* Begin PBXFileReference section */
		D6DFFFBF1E520EE4002B6C76 /* tableau */ = {isa = PBXFileReference; explicitFileType = "compiled.mach-o.executable"; includeInIndex = 0; path = tableau; sourceTree = BUILT_PRODUCTS_DIR; };
		D6DFFFC21E520EE4002B6C76 /* main.c */ = {isa = PBXFileReference; lastKnownFileType = sourcecode.c.c; path = main.c; sourceTree = "<group>"; };
		D6DFFFCC1E5216BD002B6C76 /* tableaux.c */ = {isa = PBXFileReference; fileEncoding = 4; lastKnownFileType = sourcecode.c.c; path = tableaux.c; sourceTree = "<group>"; };
		D6DFFFCD1E5216BD002B6C76 /* tableaux.h */ = {isa = PBXFileReference; fileEncoding = 4; lastKnownFileType = sourcecode.c.h; path = tableaux.h; sourceTree = "<group>"; };
/* End PBXFileReference section */

/* Begin PBXFrameworksBuildPhase section */
		D6DFFFBC1E520EE4002B6C76 /* Frameworks */ = {
			isa = PBXFrameworksBuildPhase;
			buildActionMask = 2147483647;
			files = (
			);
			runOnlyForDeploymentPostprocessing = 0;
		};
/* End PBXFrameworksBuildPhase section */

/* Begin PBXGroup section */
		D6DFFFB61E520EE4002B6C76 = {
			isa = PBXGroup;
			children = (
				D6DFFFC11E520EE4002B6C76 /* tableau */,
				D6DFFFC01E520EE4002B6C76 /* Products */,
			);
			sourceTree = "<group>";
		};
		D6DFFFC01E520EE4002B6C76 /* Products */ = {
			isa = PBXGroup;
			children = (
				D6DFFFBF1E520EE4002B6C76 /* tableau */,
			);
			name = Products;
			sourceTree = "<group>";
		};
		D6DFFFC11E520EE4002B6C76 /* tableau */ = {
			isa = PBXGroup;
			children = (
				D6DFFFC21E520EE4002B6C76 /* main.c */,
				D6DFFFCC1E5216BD002B6C76 /* tableaux.c */,
				D6DFFFCD1E5216BD002B6C76 /* tableaux.h */,
			);
			path = tableau;
			sourceTree = "<group>";
		};
/* End PBXGroup section */

/* Begin PBXNativeTarget section */
		D6DFFFBE1E520EE4002B6C76 /* tableau */ = {
			isa = PBXNativeTarget;
			buildConfigurationList = D6DFFFC61E520EE4002B6C76 /* Build configuration list for PBXNativeTarget "tableau" */;
			buildPhases = (
				D6DFFFBB1E520EE4002B6C76 /* Sources */,
				D6DFFFBC1E520EE4002B6C76 /* Frameworks */,
				D6DFFFBD1E520EE4002B6C76 /* CopyFiles */,
			);
			buildRules = (
			);
			dependencies = (
			);
			name = tableau;
			productName = tableau;
			productReference = D6DFFFBF1E520EE4002B6C76 /* tableau */;
			productType = "com.apple.product-type.tool";
		};
/* End PBXNativeTarget section */

/* Begin PBXProject section */
		D6DFFFB71E520EE4002B6C76 /* Project object */ = {
			isa = PBXProject;
			attributes = {
				LastUpgradeCheck = 0820;
				ORGANIZATIONNAME = "Frederic Louly";
				TargetAttributes = {
					D6DFFFBE1E520EE4002B6C76 = {
						CreatedOnToolsVersion = 8.2.1;
						ProvisioningStyle = Automatic;
					};
				};
			};
			buildConfigurationList = D6DFFFBA1E520EE4002B6C76 /* Build configuration list for PBXProject "tableau" */;
			compatibilityVersion = "Xcode 3.2";
			developmentRegion = English;
			hasScannedForEncodings = 0;
			knownRegions = (
				en,
			);
			mainGroup = D6DFFFB61E520EE4002B6C76;
			productRefGroup = D6DFFFC01E520EE4002B6C76 /* Products */;
			projectDirPath = "";
			projectRoot = "";
			targets = (
				D6DFFFBE1E520EE4002B6C76 /* tableau */,
			);
		};
/* End PBXProject section */

/* Begin PBXSourcesBuildPhase section */
		D6DFFFBB1E520EE4002B6C76 /* Sources */ = {
			isa = PBXSourcesBuildPhase;
			buildActionMask = 2147483647;
			files = (
				D6DFFFC31E520EE4002B6C76 /* main.c in Sources */,
				D6DFFFCE1E5216BD002B6C76 /* tableaux.c in Sources */,
			);
			runOnlyForDeploymentPostprocessing = 0;
		};
/* End PBXSourcesBuildPhase section */

/* Begin XCBuildConfiguration section */
		D6DFFFC41E520EE4002B6C76 /* Debug */ = {
			isa = XCBuildConfiguration;
			buildSettings = {
				ALWAYS_SEARCH_USER_PATHS = NO;
				CLANG_ANALYZER_NONNULL = YES;
				CLANG_CXX_LANGUAGE_STANDARD = "gnu++0x";
				CLANG_CXX_LIBRARY = "libc++";
				CLANG_ENABLE_MODULES = YES;
				CLANG_ENABLE_OBJC_ARC = YES;
				CLANG_WARN_BOOL_CONVERSION = YES;
				CLANG_WARN_CONSTANT_CONVERSION = YES;
				CLANG_WARN_DIRECT_OBJC_ISA_USAGE = YES_ERROR;
				CLANG_WARN_DOCUMENTATION_COMMENTS = YES;
				CLANG_WARN_EMPTY_BODY = YES;
				CLANG_WARN_ENUM_CONVERSION = YES;
				CLANG_WARN_INFINITE_RECURSION = YES;
				CLANG_WARN_INT_CONVERSION = YES;
				CLANG_WARN_OBJC_ROOT_CLASS = YES_ERROR;
				CLANG_WARN_SUSPICIOUS_MOVE = YES;
				CLANG_WARN_UNREACHABLE_CODE = YES;
				CLANG_WARN__DUPLICATE_METHOD_MATCH = YES;
				CODE_SIGN_IDENTITY = "-";
				COPY_PHASE_STRIP = NO;
				DEBUG_INFORMATION_FORMAT = dwarf;
				ENABLE_STRICT_OBJC_MSGSEND = YES;
				ENABLE_TESTABILITY = YES;
				GCC_C_LANGUAGE_STANDARD = gnu99;
				GCC_DYNAMIC_NO_PIC = NO;
				GCC_NO_COMMON_BLOCKS = YES;
				GCC_OPTIMIZATION_LEVEL = 0;
				GCC_PREPROCESSOR_DEFINITIONS = (
					"DEBUG=1",
					"$(inherited)",
				);
				GCC_WARN_64_TO_32_BIT_CONVERSION = YES;
				GCC_WARN_ABOUT_RETURN_TYPE = YES_ERROR;
				GCC_WARN_UNDECLARED_SELECTOR = YES;
				GCC_WARN_UNINITIALIZED_AUTOS = YES_AGGRESSIVE;
				GCC_WARN_UNUSED_FUNCTION = YES;
				GCC_WARN_UNUSED_VARIABLE = YES;
				MACOSX_DEPLOYMENT_TARGET = 10.11;
				MTL_ENABLE_DEBUG_INFO = YES;
				ONLY_ACTIVE_ARCH = YES;
				SDKROOT = macosx;
			};
			name = Debug;
		};
		D6DFFFC51E520EE4002B6C76 /* Release */ = {
			isa = XCBuildConfiguration;
			buildSettings = {
				ALWAYS_SEARCH_USER_PATHS = NO;
				CLANG_ANALYZER_NONNULL = YES;
				CLANG_CXX_LANGUAGE_STANDARD = "gnu++0x";
				CLANG_CXX_LIBRARY = "libc++";
				CLANG_ENABLE_MODULES = YES;
				CLANG_ENABLE_OBJC_ARC = YES;
				CLANG_WARN_BOOL_CONVERSION = YES;
				CLANG_WARN_CONSTANT_CONVERSION = YES;
				CLANG_WARN_DIRECT_OBJC_ISA_USAGE = YES_ERROR;
				CLANG_WARN_DOCUMENTATION_COMMENTS = YES;
				CLANG_WARN_EMPTY_BODY = YES;
				CLANG_WARN_ENUM_CONVERSION = YES;
				CLANG_WARN_INFINITE_RECURSION = YES;
				CLANG_WARN_INT_CONVERSION = YES;
				CLANG_WARN_OBJC_ROOT_CLASS = YES_ERROR;
				CLANG_WARN_SUSPICIOUS_MOVE = YES;
				CLANG_WARN_UNREACHABLE_CODE = YES;
				CLANG_WARN__DUPLICATE_METHOD_MATCH = YES;
				CODE_SIGN_IDENTITY = "-";
				COPY_PHASE_STRIP = NO;
				DEBUG_INFORMATION_FORMAT = "dwarf-with-dsym";
				ENABLE_NS_ASSERTIONS = NO;
				ENABLE_STRICT_OBJC_MSGSEND = YES;
				GCC_C_LANGUAGE_STANDARD = gnu99;
				GCC_NO_COMMON_BLOCKS = YES;
				GCC_WARN_64_TO_32_BIT_CONVERSION = YES;
				GCC_WARN_ABOUT_RETURN_TYPE = YES_ERROR;
				GCC_WARN_UNDECLARED_SELECTOR = YES;
				GCC_WARN_UNINITIALIZED_AUTOS = YES_AGGRESSIVE;
				GCC_WARN_UNUSED_FUNCTION = YES;
				GCC_WARN_UNUSED_VARIABLE = YES;
				MACOSX_DEPLOYMENT_TARGET = 10.11;
				MTL_ENABLE_DEBUG_INFO = NO;
				SDKROOT = macosx;
			};
			name = Release;
		};
		D6DFFFC71E520EE4002B6C76 /* Debug */ = {
			isa = XCBuildConfiguration;
			buildSettings = {
				PRODUCT_NAME = "$(TARGET_NAME)";
			};
			name = Debug;
		};
		D6DFFFC81E520EE4002B6C76 /* Release */ = {
			isa = XCBuildConfiguration;
			buildSettings = {
				PRODUCT_NAME = "$(TARGET_NAME)";
			};
			name = Release;
		};
/* End XCBuildConfiguration section */

/* Begin XCConfigurationList section */
		D6DFFFBA1E520EE4002B6C76 /* Build configuration list for PBXProject "tableau" */ = {
			isa = XCConfigurationList;
			buildConfigurations = (
				D6DFFFC41E520EE4002B6C76 /* Debug */,
				D6DFFFC51E520EE4002B6C76 /* Release */,
			);
			defaultConfigurationIsVisible = 0;
			defaultConfigurationName = Release;
		};
		D6DFFFC61E520EE4002B6C76 /* Build configuration list for PBXNativeTarget "tableau" */ = {
			isa = XCConfigurationList;
			buildConfigurations = (
				D6DFFFC71E520EE4002B6C76 /* Debug */,
				D6DFFFC81E520EE4002B6C76 /* Release */,
			);
			defaultConfigurationIsVisible = 0;
		};
/* End XCConfigurationList section */
	};
	rootObject = D6DFFFB71E520EE4002B6C76 /* Project object */;
}
